
Microsoft Visual Studio Solution File, Format Version 12.00
# Visual Studio Version 17
VisualStudioVersion = 17.0.31825.309
MinimumVisualStudioVersion = 10.0.40219.1
Project("{FAE04EC0-301F-11D3-BF4B-00C04F79EFBC}") = "EFTItems", "EFTItems\EFTItems.csproj", "{5EBBA42A-3224-4A54-BCB2-E226C94CBD38}"
EndProject
Global
	GlobalSection(SolutionConfigurationPlatforms) = preSolution
		Debug|Any CPU = Debug|Any CPU
		Release|Any CPU = Release|Any CPU
	EndGlobalSection
	GlobalSection(ProjectConfigurationPlatforms) = postSolution
		{5EBBA42A-3224-4A54-BCB2-E226C94CBD38}.Debug|Any CPU.ActiveCfg = Debug|Any CPU
		{5EBBA42A-3224-4A54-BCB2-E226C94CBD38}.Debug|Any CPU.Build.0 = Debug|Any CPU
		{5EBBA42A-3224-4A54-BCB2-E226C94CBD38}.Release|Any CPU.ActiveCfg = Release|Any CPU
		{5EBBA42A-3224-4A54-BCB2-E226C94CBD38}.Release|Any CPU.Build.0 = Release|Any CPU
	EndGlobalSection
	GlobalSection(SolutionProperties) = preSolution
		HideSolutionNode = FALSE
	EndGlobalSection
	GlobalSection(ExtensibilityGlobals) = postSolution
		SolutionGuid = {630FF989-13EE-46AC-85AB-B026E87FB8FD}
	EndGlobalSection
EndGlobal
